
Microsoft Visual Studio Solution File, Format Version 12.00
# Visual Studio Version 17
VisualStudioVersion = 17.5.33502.453
MinimumVisualStudioVersion = 10.0.40219.1
Project("{FAE04EC0-301F-11D3-BF4B-00C04F79EFBC}") = "UpperComputerDemo1", "UpperComputerDemo1\UpperComputerDemo1.csproj", "{5306DF44-30D7-4DE8-B170-3F277C893578}"
EndProject
Global
	GlobalSection(SolutionConfigurationPlatforms) = preSolution
		Debug|Any CPU = Debug|Any CPU
		Release|Any CPU = Release|Any CPU
	EndGlobalSection
	GlobalSection(ProjectConfigurationPlatforms) = postSolution
		{5306DF44-30D7-4DE8-B170-3F277C893578}.Debug|Any CPU.ActiveCfg = Debug|Any CPU
		{5306DF44-30D7-4DE8-B170-3F277C893578}.Debug|Any CPU.Build.0 = Debug|Any CPU
		{5306DF44-30D7-4DE8-B170-3F277C893578}.Release|Any CPU.ActiveCfg = Release|Any CPU
		{5306DF44-30D7-4DE8-B170-3F277C893578}.Release|Any CPU.Build.0 = Release|Any CPU
	EndGlobalSection
	GlobalSection(SolutionProperties) = preSolution
		HideSolutionNode = FALSE
	EndGlobalSection
	GlobalSection(ExtensibilityGlobals) = postSolution
		SolutionGuid = {DA9BE924-8BF2-41A8-BA1D-14DEFE7937C6}
	EndGlobalSection
EndGlobal
